// !$*UTF8*$!
{
	archiveVersion = 1;
	classes = {
	};
	objectVersion = 46;
	objects = {

/* Begin PBXBuildFile section */
		4318B1421DF000FF0047C5A7 /* main.m in Sources */ = {isa = PBXBuildFile; fileRef = 4318B1411DF000FF0047C5A7 /* main.m */; };
		4318B1451DF000FF0047C5A7 /* AppDelegate.m in Sources */ = {isa = PBXBuildFile; fileRef = 4318B1441DF000FF0047C5A7 /* AppDelegate.m */; };
		4318B1481DF000FF0047C5A7 /* ViewController.m in Sources */ = {isa = PBXBuildFile; fileRef = 4318B1471DF000FF0047C5A7 /* ViewController.m */; };
		4318B14B1DF000FF0047C5A7 /* Main.storyboard in Resources */ = {isa = PBXBuildFile; fileRef = 4318B1491DF000FF0047C5A7 /* Main.storyboard */; };
		4318B14D1DF000FF0047C5A7 /* Assets.xcassets in Resources */ = {isa = PBXBuildFile; fileRef = 4318B14C1DF000FF0047C5A7 /* Assets.xcassets */; };
		4318B1501DF000FF0047C5A7 /* LaunchScreen.storyboard in Resources */ = {isa = PBXBuildFile; fileRef = 4318B14E1DF000FF0047C5A7 /* LaunchScreen.storyboard */; };
		4318B15B1DF000FF0047C5A7 /* videoTests.m in Sources */ = {isa = PBXBuildFile; fileRef = 4318B15A1DF000FF0047C5A7 /* videoTests.m */; };
		4318B1661DF000FF0047C5A7 /* videoUITests.m in Sources */ = {isa = PBXBuildFile; fileRef = 4318B1651DF000FF0047C5A7 /* videoUITests.m */; };
/* End PBXBuildFile section */

/* Begin PBXContainerItemProxy section */
		4318B1571DF000FF0047C5A7 /* PBXContainerItemProxy */ = {
			isa = PBXContainerItemProxy;
			containerPortal = 4318B1351DF000FF0047C5A7 /* Project object */;
			proxyType = 1;
			remoteGlobalIDString = 4318B13C1DF000FF0047C5A7;
			remoteInfo = video;
		};
		4318B1621DF000FF0047C5A7 /* PBXContainerItemProxy */ = {
			isa = PBXContainerItemProxy;
			containerPortal = 4318B1351DF000FF0047C5A7 /* Project object */;
			proxyType = 1;
			remoteGlobalIDString = 4318B13C1DF000FF0047C5A7;
			remoteInfo = video;
		};
/* End PBXContainerItemProxy section */

/* Begin PBXFileReference section */
		4318B13D1DF000FF0047C5A7 /* video.app */ = {isa = PBXFileReference; explicitFileType = wrapper.application; includeInIndex = 0; path = video.app; sourceTree = BUILT_PRODUCTS_DIR; };
		4318B1411DF000FF0047C5A7 /* main.m */ = {isa = PBXFileReference; lastKnownFileType = sourcecode.c.objc; path = main.m; sourceTree = "<group>"; };
		4318B1431DF000FF0047C5A7 /* AppDelegate.h */ = {isa = PBXFileReference; lastKnownFileType = sourcecode.c.h; path = AppDelegate.h; sourceTree = "<group>"; };
		4318B1441DF000FF0047C5A7 /* AppDelegate.m */ = {isa = PBXFileReference; lastKnownFileType = sourcecode.c.objc; path = AppDelegate.m; sourceTree = "<group>"; };
		4318B1461DF000FF0047C5A7 /* ViewController.h */ = {isa = PBXFileReference; lastKnownFileType = sourcecode.c.h; path = ViewController.h; sourceTree = "<group>"; };
		4318B1471DF000FF0047C5A7 /* ViewController.m */ = {isa = PBXFileReference; lastKnownFileType = sourcecode.c.objc; path = ViewController.m; sourceTree = "<group>"; };
		4318B14A1DF000FF0047C5A7 /* Base */ = {isa = PBXFileReference; lastKnownFileType = file.storyboard; name = Base; path = Base.lproj/Main.storyboard; sourceTree = "<group>"; };
		4318B14C1DF000FF0047C5A7 /* Assets.xcassets */ = {isa = PBXFileReference; lastKnownFileType = folder.assetcatalog; path = Assets.xcassets; sourceTree = "<group>"; };
		4318B14F1DF000FF0047C5A7 /* Base */ = {isa = PBXFileReference; lastKnownFileType = file.storyboard; name = Base; path = Base.lproj/LaunchScreen.storyboard; sourceTree = "<group>"; };
		4318B1511DF000FF0047C5A7 /* Info.plist */ = {isa = PBXFileReference; lastKnownFileType = text.plist.xml; path = Info.plist; sourceTree = "<group>"; };
		4318B1561DF000FF0047C5A7 /* videoTests.xctest */ = {isa = PBXFileReference; explicitFileType = wrapper.cfbundle; includeInIndex = 0; path = videoTests.xctest; sourceTree = BUILT_PRODUCTS_DIR; };
		4318B15A1DF000FF0047C5A7 /* videoTests.m */ = {isa = PBXFileReference; lastKnownFileType = sourcecode.c.objc; path = videoTests.m; sourceTree = "<group>"; };
		4318B15C1DF000FF0047C5A7 /* Info.plist */ = {isa = PBXFileReference; lastKnownFileType = text.plist.xml; path = Info.plist; sourceTree = "<group>"; };
		4318B1611DF000FF0047C5A7 /* videoUITests.xctest */ = {isa = PBXFileReference; explicitFileType = wrapper.cfbundle; includeInIndex = 0; path = videoUITests.xctest; sourceTree = BUILT_PRODUCTS_DIR; };
		4318B1651DF000FF0047C5A7 /* videoUITests.m */ = {isa = PBXFileReference; lastKnownFileType = sourcecode.c.objc; path = videoUITests.m; sourceTree = "<group>"; };
		4318B1671DF001000047C5A7 /* Info.plist */ = {isa = PBXFileReference; lastKnownFileType = text.plist.xml; path = Info.plist; sourceTree = "<group>"; };
/* End PBXFileReference section */

/* Begin PBXFrameworksBuildPhase section */
		4318B13A1DF000FF0047C5A7 /* Frameworks */ = {
			isa = PBXFrameworksBuildPhase;
			buildActionMask = 2147483647;
			files = (
			);
			runOnlyForDeploymentPostprocessing = 0;
		};
		4318B1531DF000FF0047C5A7 /* Frameworks */ = {
			isa = PBXFrameworksBuildPhase;
			buildActionMask = 2147483647;
			files = (
			);
			runOnlyForDeploymentPostprocessing = 0;
		};
		4318B15E1DF000FF0047C5A7 /* Frameworks */ = {
			isa = PBXFrameworksBuildPhase;
			buildActionMask = 2147483647;
			files = (
			);
			runOnlyForDeploymentPostprocessing = 0;
		};
/* End PBXFrameworksBuildPhase section */

/* Begin PBXGroup section */
		4318B1341DF000FF0047C5A7 = {
			isa = PBXGroup;
			children = (
				4318B13F1DF000FF0047C5A7 /* video */,
				4318B1591DF000FF0047C5A7 /* videoTests */,
				4318B1641DF000FF0047C5A7 /* videoUITests */,
				4318B13E1DF000FF0047C5A7 /* Products */,
			);
			sourceTree = "<group>";
		};
		4318B13E1DF000FF0047C5A7 /* Products */ = {
			isa = PBXGroup;
			children = (
				4318B13D1DF000FF0047C5A7 /* video.app */,
				4318B1561DF000FF0047C5A7 /* videoTests.xctest */,
				4318B1611DF000FF0047C5A7 /* videoUITests.xctest */,
			);
			name = Products;
			sourceTree = "<group>";
		};
		4318B13F1DF000FF0047C5A7 /* video */ = {
			isa = PBXGroup;
			children = (
				4318B1431DF000FF0047C5A7 /* AppDelegate.h */,
				4318B1441DF000FF0047C5A7 /* AppDelegate.m */,
				4318B1461DF000FF0047C5A7 /* ViewController.h */,
				4318B1471DF000FF0047C5A7 /* ViewController.m */,
				4318B1491DF000FF0047C5A7 /* Main.storyboard */,
				4318B14C1DF000FF0047C5A7 /* Assets.xcassets */,
				4318B14E1DF000FF0047C5A7 /* LaunchScreen.storyboard */,
				4318B1511DF000FF0047C5A7 /* Info.plist */,
				4318B1401DF000FF0047C5A7 /* Supporting Files */,
			);
			path = video;
			sourceTree = "<group>";
		};
		4318B1401DF000FF0047C5A7 /* Supporting Files */ = {
			isa = PBXGroup;
			children = (
				4318B1411DF000FF0047C5A7 /* main.m */,
			);
			name = "Supporting Files";
			sourceTree = "<group>";
		};
		4318B1591DF000FF0047C5A7 /* videoTests */ = {
			isa = PBXGroup;
			children = (
				4318B15A1DF000FF0047C5A7 /* videoTests.m */,
				4318B15C1DF000FF0047C5A7 /* Info.plist */,
			);
			path = videoTests;
			sourceTree = "<group>";
		};
		4318B1641DF000FF0047C5A7 /* videoUITests */ = {
			isa = PBXGroup;
			children = (
				4318B1651DF000FF0047C5A7 /* videoUITests.m */,
				4318B1671DF001000047C5A7 /* Info.plist */,
			);
			path = videoUITests;
			sourceTree = "<group>";
		};
/* End PBXGroup section */

/* Begin PBXNativeTarget section */
		4318B13C1DF000FF0047C5A7 /* video */ = {
			isa = PBXNativeTarget;
			buildConfigurationList = 4318B16A1DF001000047C5A7 /* Build configuration list for PBXNativeTarget "video" */;
			buildPhases = (
				4318B1391DF000FF0047C5A7 /* Sources */,
				4318B13A1DF000FF0047C5A7 /* Frameworks */,
				4318B13B1DF000FF0047C5A7 /* Resources */,
			);
			buildRules = (
			);
			dependencies = (
			);
			name = video;
			productName = video;
			productReference = 4318B13D1DF000FF0047C5A7 /* video.app */;
			productType = "com.apple.product-type.application";
		};
		4318B1551DF000FF0047C5A7 /* videoTests */ = {
			isa = PBXNativeTarget;
			buildConfigurationList = 4318B16D1DF001000047C5A7 /* Build configuration list for PBXNativeTarget "videoTests" */;
			buildPhases = (
				4318B1521DF000FF0047C5A7 /* Sources */,
				4318B1531DF000FF0047C5A7 /* Frameworks */,
				4318B1541DF000FF0047C5A7 /* Resources */,
			);
			buildRules = (
			);
			dependencies = (
				4318B1581DF000FF0047C5A7 /* PBXTargetDependency */,
			);
			name = videoTests;
			productName = videoTests;
			productReference = 4318B1561DF000FF0047C5A7 /* videoTests.xctest */;
			productType = "com.apple.product-type.bundle.unit-test";
		};
		4318B1601DF000FF0047C5A7 /* videoUITests */ = {
			isa = PBXNativeTarget;
			buildConfigurationList = 4318B1701DF001000047C5A7 /* Build configuration list for PBXNativeTarget "videoUITests" */;
			buildPhases = (
				4318B15D1DF000FF0047C5A7 /* Sources */,
				4318B15E1DF000FF0047C5A7 /* Frameworks */,
				4318B15F1DF000FF0047C5A7 /* Resources */,
			);
			buildRules = (
			);
			dependencies = (
				4318B1631DF000FF0047C5A7 /* PBXTargetDependency */,
			);
			name = videoUITests;
			productName = videoUITests;
			productReference = 4318B1611DF000FF0047C5A7 /* videoUITests.xctest */;
			productType = "com.apple.product-type.bundle.ui-testing";
		};
/* End PBXNativeTarget section */

/* Begin PBXProject section */
		4318B1351DF000FF0047C5A7 /* Project object */ = {
			isa = PBXProject;
			attributes = {
				LastUpgradeCheck = 0810;
				ORGANIZATIONNAME = "-";
				TargetAttributes = {
					4318B13C1DF000FF0047C5A7 = {
						CreatedOnToolsVersion = 8.1;
						ProvisioningStyle = Automatic;
					};
					4318B1551DF000FF0047C5A7 = {
						CreatedOnToolsVersion = 8.1;
						ProvisioningStyle = Automatic;
						TestTargetID = 4318B13C1DF000FF0047C5A7;
					};
					4318B1601DF000FF0047C5A7 = {
						CreatedOnToolsVersion = 8.1;
						ProvisioningStyle = Automatic;
						TestTargetID = 4318B13C1DF000FF0047C5A7;
					};
				};
			};
			buildConfigurationList = 4318B1381DF000FF0047C5A7 /* Build configuration list for PBXProject "video" */;
			compatibilityVersion = "Xcode 3.2";
			developmentRegion = English;
			hasScannedForEncodings = 0;
			knownRegions = (
				en,
				Base,
			);
			mainGroup = 4318B1341DF000FF0047C5A7;
			productRefGroup = 4318B13E1DF000FF0047C5A7 /* Products */;
			projectDirPath = "";
			projectRoot = "";
			targets = (
				4318B13C1DF000FF0047C5A7 /* video */,
				4318B1551DF000FF0047C5A7 /* videoTests */,
				4318B1601DF000FF0047C5A7 /* videoUITests */,
			);
		};
/* End PBXProject section */

/* Begin PBXResourcesBuildPhase section */
		4318B13B1DF000FF0047C5A7 /* Resources */ = {
			isa = PBXResourcesBuildPhase;
			buildActionMask = 2147483647;
			files = (
				4318B1501DF000FF0047C5A7 /* LaunchScreen.storyboard in Resources */,
				4318B14D1DF000FF0047C5A7 /* Assets.xcassets in Resources */,
				4318B14B1DF000FF0047C5A7 /* Main.storyboard in Resources */,
			);
			runOnlyForDeploymentPostprocessing = 0;
		};
		4318B1541DF000FF0047C5A7 /* Resources */ = {
			isa = PBXResourcesBuildPhase;
			buildActionMask = 2147483647;
			files = (
			);
			runOnlyForDeploymentPostprocessing = 0;
		};
		4318B15F1DF000FF0047C5A7 /* Resources */ = {
			isa = PBXResourcesBuildPhase;
			buildActionMask = 2147483647;
			files = (
			);
			runOnlyForDeploymentPostprocessing = 0;
		};
/* End PBXResourcesBuildPhase section */

/* Begin PBXSourcesBuildPhase section */
		4318B1391DF000FF0047C5A7 /* Sources */ = {
			isa = PBXSourcesBuildPhase;
			buildActionMask = 2147483647;
			files = (
				4318B1481DF000FF0047C5A7 /* ViewController.m in Sources */,
				4318B1451DF000FF0047C5A7 /* AppDelegate.m in Sources */,
				4318B1421DF000FF0047C5A7 /* main.m in Sources */,
			);
			runOnlyForDeploymentPostprocessing = 0;
		};
		4318B1521DF000FF0047C5A7 /* Sources */ = {
			isa = PBXSourcesBuildPhase;
			buildActionMask = 2147483647;
			files = (
				4318B15B1DF000FF0047C5A7 /* videoTests.m in Sources */,
			);
			runOnlyForDeploymentPostprocessing = 0;
		};
		4318B15D1DF000FF0047C5A7 /* Sources */ = {
			isa = PBXSourcesBuildPhase;
			buildActionMask = 2147483647;
			files = (
				4318B1661DF000FF0047C5A7 /* videoUITests.m in Sources */,
			);
			runOnlyForDeploymentPostprocessing = 0;
		};
/* End PBXSourcesBuildPhase section */

/* Begin PBXTargetDependency section */
		4318B1581DF000FF0047C5A7 /* PBXTargetDependency */ = {
			isa = PBXTargetDependency;
			target = 4318B13C1DF000FF0047C5A7 /* video */;
			targetProxy = 4318B1571DF000FF0047C5A7 /* PBXContainerItemProxy */;
		};
		4318B1631DF000FF0047C5A7 /* PBXTargetDependency */ = {
			isa = PBXTargetDependency;
			target = 4318B13C1DF000FF0047C5A7 /* video */;
			targetProxy = 4318B1621DF000FF0047C5A7 /* PBXContainerItemProxy */;
		};
/* End PBXTargetDependency section */

/* Begin PBXVariantGroup section */
		4318B1491DF000FF0047C5A7 /* Main.storyboard */ = {
			isa = PBXVariantGroup;
			children = (
				4318B14A1DF000FF0047C5A7 /* Base */,
			);
			name = Main.storyboard;
			sourceTree = "<group>";
		};
		4318B14E1DF000FF0047C5A7 /* LaunchScreen.storyboard */ = {
			isa = PBXVariantGroup;
			children = (
				4318B14F1DF000FF0047C5A7 /* Base */,
			);
			name = LaunchScreen.storyboard;
			sourceTree = "<group>";
		};
/* End PBXVariantGroup section */

/* Begin XCBuildConfiguration section */
		4318B1681DF001000047C5A7 /* Debug */ = {
			isa = XCBuildConfiguration;
			buildSettings = {
				ALWAYS_SEARCH_USER_PATHS = NO;
				CLANG_ANALYZER_NONNULL = YES;
				CLANG_CXX_LANGUAGE_STANDARD = "gnu++0x";
				CLANG_CXX_LIBRARY = "libc++";
				CLANG_ENABLE_MODULES = YES;
				CLANG_ENABLE_OBJC_ARC = YES;
				CLANG_WARN_BOOL_CONVERSION = YES;
				CLANG_WARN_CONSTANT_CONVERSION = YES;
				CLANG_WARN_DIRECT_OBJC_ISA_USAGE = YES_ERROR;
				CLANG_WARN_DOCUMENTATION_COMMENTS = YES;
				CLANG_WARN_EMPTY_BODY = YES;
				CLANG_WARN_ENUM_CONVERSION = YES;
				CLANG_WARN_INFINITE_RECURSION = YES;
				CLANG_WARN_INT_CONVERSION = YES;
				CLANG_WARN_OBJC_ROOT_CLASS = YES_ERROR;
				CLANG_WARN_SUSPICIOUS_MOVES = YES;
				CLANG_WARN_UNREACHABLE_CODE = YES;
				CLANG_WARN__DUPLICATE_METHOD_MATCH = YES;
				"CODE_SIGN_IDENTITY[sdk=iphoneos*]" = "iPhone Developer";
				COPY_PHASE_STRIP = NO;
				DEBUG_INFORMATION_FORMAT = dwarf;
				ENABLE_STRICT_OBJC_MSGSEND = YES;
				ENABLE_TESTABILITY = YES;
				GCC_C_LANGUAGE_STANDARD = gnu99;
				GCC_DYNAMIC_NO_PIC = NO;
				GCC_NO_COMMON_BLOCKS = YES;
				GCC_OPTIMIZATION_LEVEL = 0;
				GCC_PREPROCESSOR_DEFINITIONS = (
					"DEBUG=1",
					"$(inherited)",
				);
				GCC_WARN_64_TO_32_BIT_CONVERSION = YES;
				GCC_WARN_ABOUT_RETURN_TYPE = YES_ERROR;
				GCC_WARN_UNDECLARED_SELECTOR = YES;
				GCC_WARN_UNINITIALIZED_AUTOS = YES_AGGRESSIVE;
				GCC_WARN_UNUSED_FUNCTION = YES;
				GCC_WARN_UNUSED_VARIABLE = YES;
				IPHONEOS_DEPLOYMENT_TARGET = 10.1;
				MTL_ENABLE_DEBUG_INFO = YES;
				ONLY_ACTIVE_ARCH = YES;
				SDKROOT = iphoneos;
				TARGETED_DEVICE_FAMILY = "1,2";
			};
			name = Debug;
		};
		4318B1691DF001000047C5A7 /* Release */ = {
			isa = XCBuildConfiguration;
			buildSettings = {
				ALWAYS_SEARCH_USER_PATHS = NO;
				CLANG_ANALYZER_NONNULL = YES;
				CLANG_CXX_LANGUAGE_STANDARD = "gnu++0x";
				CLANG_CXX_LIBRARY = "libc++";
				CLANG_ENABLE_MODULES = YES;
				CLANG_ENABLE_OBJC_ARC = YES;
				CLANG_WARN_BOOL_CONVERSION = YES;
				CLANG_WARN_CONSTANT_CONVERSION = YES;
				CLANG_WARN_DIRECT_OBJC_ISA_USAGE = YES_ERROR;
				CLANG_WARN_DOCUMENTATION_COMMENTS = YES;
				CLANG_WARN_EMPTY_BODY = YES;
				CLANG_WARN_ENUM_CONVERSION = YES;
				CLANG_WARN_INFINITE_RECURSION = YES;
				CLANG_WARN_INT_CONVERSION = YES;
				CLANG_WARN_OBJC_ROOT_CLASS = YES_ERROR;
				CLANG_WARN_SUSPICIOUS_MOVES = YES;
				CLANG_WARN_UNREACHABLE_CODE = YES;
				CLANG_WARN__DUPLICATE_METHOD_MATCH = YES;
				"CODE_SIGN_IDENTITY[sdk=iphoneos*]" = "iPhone Developer";
				COPY_PHASE_STRIP = NO;
				DEBUG_INFORMATION_FORMAT = "dwarf-with-dsym";
				ENABLE_NS_ASSERTIONS = NO;
				ENABLE_STRICT_OBJC_MSGSEND = YES;
				GCC_C_LANGUAGE_STANDARD = gnu99;
				GCC_NO_COMMON_BLOCKS = YES;
				GCC_WARN_64_TO_32_BIT_CONVERSION = YES;
				GCC_WARN_ABOUT_RETURN_TYPE = YES_ERROR;
				GCC_WARN_UNDECLARED_SELECTOR = YES;
				GCC_WARN_UNINITIALIZED_AUTOS = YES_AGGRESSIVE;
				GCC_WARN_UNUSED_FUNCTION = YES;
				GCC_WARN_UNUSED_VARIABLE = YES;
				IPHONEOS_DEPLOYMENT_TARGET = 10.1;
				MTL_ENABLE_DEBUG_INFO = NO;
				SDKROOT = iphoneos;
				TARGETED_DEVICE_FAMILY = "1,2";
				VALIDATE_PRODUCT = YES;
			};
			name = Release;
		};
		4318B16B1DF001000047C5A7 /* Debug */ = {
			isa = XCBuildConfiguration;
			buildSettings = {
				ASSETCATALOG_COMPILER_APPICON_NAME = AppIcon;
				INFOPLIST_FILE = video/Info.plist;
				LD_RUNPATH_SEARCH_PATHS = "$(inherited) @executable_path/Frameworks";
				PRODUCT_BUNDLE_IDENTIFIER = com.wyzc.www.video;
				PRODUCT_NAME = "$(TARGET_NAME)";
			};
			name = Debug;
		};
		4318B16C1DF001000047C5A7 /* Release */ = {
			isa = XCBuildConfiguration;
			buildSettings = {
				ASSETCATALOG_COMPILER_APPICON_NAME = AppIcon;
				INFOPLIST_FILE = video/Info.plist;
				LD_RUNPATH_SEARCH_PATHS = "$(inherited) @executable_path/Frameworks";
				PRODUCT_BUNDLE_IDENTIFIER = com.wyzc.www.video;
				PRODUCT_NAME = "$(TARGET_NAME)";
			};
			name = Release;
		};
		4318B16E1DF001000047C5A7 /* Debug */ = {
			isa = XCBuildConfiguration;
			buildSettings = {
				BUNDLE_LOADER = "$(TEST_HOST)";
				INFOPLIST_FILE = videoTests/Info.plist;
				LD_RUNPATH_SEARCH_PATHS = "$(inherited) @executable_path/Frameworks @loader_path/Frameworks";
				PRODUCT_BUNDLE_IDENTIFIER = com.wyzc.www.videoTests;
				PRODUCT_NAME = "$(TARGET_NAME)";
				TEST_HOST = "$(BUILT_PRODUCTS_DIR)/video.app/video";
			};
			name = Debug;
		};
		4318B16F1DF001000047C5A7 /* Release */ = {
			isa = XCBuildConfiguration;
			buildSettings = {
				BUNDLE_LOADER = "$(TEST_HOST)";
				INFOPLIST_FILE = videoTests/Info.plist;
				LD_RUNPATH_SEARCH_PATHS = "$(inherited) @executable_path/Frameworks @loader_path/Frameworks";
				PRODUCT_BUNDLE_IDENTIFIER = com.wyzc.www.videoTests;
				PRODUCT_NAME = "$(TARGET_NAME)";
				TEST_HOST = "$(BUILT_PRODUCTS_DIR)/video.app/video";
			};
			name = Release;
		};
		4318B1711DF001000047C5A7 /* Debug */ = {
			isa = XCBuildConfiguration;
			buildSettings = {
				INFOPLIST_FILE = videoUITests/Info.plist;
				LD_RUNPATH_SEARCH_PATHS = "$(inherited) @executable_path/Frameworks @loader_path/Frameworks";
				PRODUCT_BUNDLE_IDENTIFIER = com.wyzc.www.videoUITests;
				PRODUCT_NAME = "$(TARGET_NAME)";
				TEST_TARGET_NAME = video;
			};
			name = Debug;
		};
		4318B1721DF001000047C5A7 /* Release */ = {
			isa = XCBuildConfiguration;
			buildSettings = {
				INFOPLIST_FILE = videoUITests/Info.plist;
				LD_RUNPATH_SEARCH_PATHS = "$(inherited) @executable_path/Frameworks @loader_path/Frameworks";
				PRODUCT_BUNDLE_IDENTIFIER = com.wyzc.www.videoUITests;
				PRODUCT_NAME = "$(TARGET_NAME)";
				TEST_TARGET_NAME = video;
			};
			name = Release;
		};
/* End XCBuildConfiguration section */

/* Begin XCConfigurationList section */
		4318B1381DF000FF0047C5A7 /* Build configuration list for PBXProject "video" */ = {
			isa = XCConfigurationList;
			buildConfigurations = (
				4318B1681DF001000047C5A7 /* Debug */,
				4318B1691DF001000047C5A7 /* Release */,
			);
			defaultConfigurationIsVisible = 0;
			defaultConfigurationName = Release;
		};
		4318B16A1DF001000047C5A7 /* Build configuration list for PBXNativeTarget "video" */ = {
			isa = XCConfigurationList;
			buildConfigurations = (
				4318B16B1DF001000047C5A7 /* Debug */,
				4318B16C1DF001000047C5A7 /* Release */,
			);
			defaultConfigurationIsVisible = 0;
		};
		4318B16D1DF001000047C5A7 /* Build configuration list for PBXNativeTarget "videoTests" */ = {
			isa = XCConfigurationList;
			buildConfigurations = (
				4318B16E1DF001000047C5A7 /* Debug */,
				4318B16F1DF001000047C5A7 /* Release */,
			);
			defaultConfigurationIsVisible = 0;
		};
		4318B1701DF001000047C5A7 /* Build configuration list for PBXNativeTarget "videoUITests" */ = {
			isa = XCConfigurationList;
			buildConfigurations = (
				4318B1711DF001000047C5A7 /* Debug */,
				4318B1721DF001000047C5A7 /* Release */,
			);
			defaultConfigurationIsVisible = 0;
		};
/* End XCConfigurationList section */
	};
	rootObject = 4318B1351DF000FF0047C5A7 /* Project object */;
}
